<?xml version="1.0" encoding="UTF-8"?>
<Scheme
   LastUpgradeVersion = "1540"
   version = "1.7">
   <BuildAction
      parallelizeBuildables = "YES"
      buildImplicitDependencies = "YES"
      buildArchitectures = "Automatic">
      <BuildActionEntries>
         <BuildActionEntry
            buildForTesting = "YES"
            buildForRunning = "YES"
            buildForProfiling = "YES"
            buildForArchiving = "YES"
            buildForAnalyzing = "YES">
            <BuildableReference
               BuildableIdentifier = "primary"
               BlueprintIdentifier = "3C52FF072CC0998F00E47420"
               BuildableName = "Unsplash Viewer.app"
               BlueprintName = "UnsplashPhotosViewer"
               ReferencedContainer = "container:UnsplashPhotosViewer.xcodeproj">
            </BuildableReference>
         </BuildActionEntry>
      </BuildActionEntries>
   </BuildAction>
   <TestAction
      buildConfiguration = "Debug"
      selectedDebuggerIdentifier = "Xcode.DebuggerFoundation.Debugger.LLDB"
      selectedLauncherIdentifier = "Xcode.DebuggerFoundation.Launcher.LLDB"
      shouldUseLaunchSchemeArgsEnv = "YES"
      shouldAutocreateTestPlan = "YES">
      <Testables>
         <TestableReference
            skipped = "NO"
            parallelizable = "YES">
            <BuildableReference
               BuildableIdentifier = "primary"
               BlueprintIdentifier = "3C71C67B2CC6B2D5003EED4B"
               BuildableName = "UnsplashPhotosViewerTests.xctest"
               BlueprintName = "UnsplashPhotosViewerTests"
               ReferencedContainer = "container:UnsplashPhotosViewer.xcodeproj">
            </BuildableReference>
         </TestableReference>
      </Testables>
   </TestAction>
   <LaunchAction
      buildConfiguration = "Debug"
      selectedDebuggerIdentifier = "Xcode.DebuggerFoundation.Debugger.LLDB"
      selectedLauncherIdentifier = "Xcode.DebuggerFoundation.Launcher.LLDB"
      launchStyle = "0"
      useCustomWorkingDirectory = "NO"
      ignoresPersistentStateOnLaunch = "NO"
      debugDocumentVersioning = "YES"
      debugServiceExtension = "internal"
      allowLocationSimulation = "YES">
      <BuildableProductRunnable
         runnableDebuggingMode = "0">
         <BuildableReference
            BuildableIdentifier = "primary"
            BlueprintIdentifier = "3C52FF072CC0998F00E47420"
            BuildableName = "Unsplash Viewer.app"
            BlueprintName = "UnsplashPhotosViewer"
            ReferencedContainer = "container:UnsplashPhotosViewer.xcodeproj">
         </BuildableReference>
      </BuildableProductRunnable>
      <EnvironmentVariables>
         <EnvironmentVariable
            key = "UNSPLASH_ACCESS_KEY"
            value = "tXPLucxrlctIlC762GtyRVg7P2yFaNANmKVoh9V9CVw"
            isEnabled = "YES">
         </EnvironmentVariable>
      </EnvironmentVariables>
   </LaunchAction>
   <ProfileAction
      buildConfiguration = "Release"
      shouldUseLaunchSchemeArgsEnv = "YES"
      savedToolIdentifier = ""
      useCustomWorkingDirectory = "NO"
      debugDocumentVersioning = "YES">
      <BuildableProductRunnable
         runnableDebuggingMode = "0">
         <BuildableReference
            BuildableIdentifier = "primary"
            BlueprintIdentifier = "3C52FF072CC0998F00E47420"
            BuildableName = "Unsplash Viewer.app"
            BlueprintName = "UnsplashPhotosViewer"
            ReferencedContainer = "container:UnsplashPhotosViewer.xcodeproj">
         </BuildableReference>
      </BuildableProductRunnable>
   </ProfileAction>
   <AnalyzeAction
      buildConfiguration = "Debug">
   </AnalyzeAction>
   <ArchiveAction
      buildConfiguration = "Release"
      revealArchiveInOrganizer = "YES">
   </ArchiveAction>
</Scheme>
